// !$*UTF8*$!
{
	archiveVersion = 1;
	classes = {
	};
	objectVersion = 46;
	objects = {

/* Begin PBXBuildFile section */
		CECE5A0B1F91C38400DCA26A /* AppDelegate.swift in Sources */ = {isa = PBXBuildFile; fileRef = CECE5A0A1F91C38400DCA26A /* AppDelegate.swift */; };
		CECE5A0D1F91C38400DCA26A /* ViewController.swift in Sources */ = {isa = PBXBuildFile; fileRef = CECE5A0C1F91C38400DCA26A /* ViewController.swift */; };
		CECE5A101F91C38400DCA26A /* Main.storyboard in Resources */ = {isa = PBXBuildFile; fileRef = CECE5A0E1F91C38400DCA26A /* Main.storyboard */; };
		CECE5A121F91C38400DCA26A /* Assets.xcassets in Resources */ = {isa = PBXBuildFile; fileRef = CECE5A111F91C38400DCA26A /* Assets.xcassets */; };
		CECE5A151F91C38400DCA26A /* LaunchScreen.storyboard in Resources */ = {isa = PBXBuildFile; fileRef = CECE5A131F91C38400DCA26A /* LaunchScreen.storyboard */; };
/* End PBXBuildFile section */

/* Begin PBXFileReference section */
		CECE5A071F91C38400DCA26A /* Hello Swift4.app */ = {isa = PBXFileReference; explicitFileType = wrapper.application; includeInIndex = 0; path = "Hello Swift4.app"; sourceTree = BUILT_PRODUCTS_DIR; };
		CECE5A0A1F91C38400DCA26A /* AppDelegate.swift */ = {isa = PBXFileReference; lastKnownFileType = sourcecode.swift; path = AppDelegate.swift; sourceTree = "<group>"; };
		CECE5A0C1F91C38400DCA26A /* ViewController.swift */ = {isa = PBXFileReference; lastKnownFileType = sourcecode.swift; path = ViewController.swift; sourceTree = "<group>"; };
		CECE5A0F1F91C38400DCA26A /* Base */ = {isa = PBXFileReference; lastKnownFileType = file.storyboard; name = Base; path = Base.lproj/Main.storyboard; sourceTree = "<group>"; };
		CECE5A111F91C38400DCA26A /* Assets.xcassets */ = {isa = PBXFileReference; lastKnownFileType = folder.assetcatalog; path = Assets.xcassets; sourceTree = "<group>"; };
		CECE5A141F91C38400DCA26A /* Base */ = {isa = PBXFileReference; lastKnownFileType = file.storyboard; name = Base; path = Base.lproj/LaunchScreen.storyboard; sourceTree = "<group>"; };
		CECE5A161F91C38400DCA26A /* Info.plist */ = {isa = PBXFileReference; lastKnownFileType = text.plist.xml; path = Info.plist; sourceTree = "<group>"; };
/* End PBXFileReference section */

/* Begin PBXFrameworksBuildPhase section */
		CECE5A041F91C38400DCA26A /* Frameworks */ = {
			isa = PBXFrameworksBuildPhase;
			buildActionMask = 2147483647;
			files = (
			);
			runOnlyForDeploymentPostprocessing = 0;
		};
/* End PBXFrameworksBuildPhase section */

/* Begin PBXGroup section */
		CECE59FE1F91C38400DCA26A = {
			isa = PBXGroup;
			children = (
				CECE5A091F91C38400DCA26A /* Hello Swift4 */,
				CECE5A081F91C38400DCA26A /* Products */,
			);
			sourceTree = "<group>";
		};
		CECE5A081F91C38400DCA26A /* Products */ = {
			isa = PBXGroup;
			children = (
				CECE5A071F91C38400DCA26A /* Hello Swift4.app */,
			);
			name = Products;
			sourceTree = "<group>";
		};
		CECE5A091F91C38400DCA26A /* Hello Swift4 */ = {
			isa = PBXGroup;
			children = (
				CECE5A0A1F91C38400DCA26A /* AppDelegate.swift */,
				CECE5A0C1F91C38400DCA26A /* ViewController.swift */,
				CECE5A0E1F91C38400DCA26A /* Main.storyboard */,
				CECE5A111F91C38400DCA26A /* Assets.xcassets */,
				CECE5A131F91C38400DCA26A /* LaunchScreen.storyboard */,
				CECE5A161F91C38400DCA26A /* Info.plist */,
			);
			path = "Hello Swift4";
			sourceTree = "<group>";
		};
/* End PBXGroup section */

/* Begin PBXNativeTarget section */
		CECE5A061F91C38400DCA26A /* Hello Swift4 */ = {
			isa = PBXNativeTarget;
			buildConfigurationList = CECE5A191F91C38400DCA26A /* Build configuration list for PBXNativeTarget "Hello Swift4" */;
			buildPhases = (
				CECE5A031F91C38400DCA26A /* Sources */,
				CECE5A041F91C38400DCA26A /* Frameworks */,
				CECE5A051F91C38400DCA26A /* Resources */,
			);
			buildRules = (
			);
			dependencies = (
			);
			name = "Hello Swift4";
			productName = "Hello Swift4";
			productReference = CECE5A071F91C38400DCA26A /* Hello Swift4.app */;
			productType = "com.apple.product-type.application";
		};
/* End PBXNativeTarget section */

/* Begin PBXProject section */
		CECE59FF1F91C38400DCA26A /* Project object */ = {
			isa = PBXProject;
			attributes = {
				LastSwiftUpdateCheck = 0830;
				LastUpgradeCheck = 0830;
				ORGANIZATIONNAME = Polly;
				TargetAttributes = {
					CECE5A061F91C38400DCA26A = {
						CreatedOnToolsVersion = 8.3.3;
						DevelopmentTeam = 8653TZM57A;
						ProvisioningStyle = Automatic;
					};
				};
			};
			buildConfigurationList = CECE5A021F91C38400DCA26A /* Build configuration list for PBXProject "Hello Swift4" */;
			compatibilityVersion = "Xcode 3.2";
			developmentRegion = English;
			hasScannedForEncodings = 0;
			knownRegions = (
				en,
				Base,
			);
			mainGroup = CECE59FE1F91C38400DCA26A;
			productRefGroup = CECE5A081F91C38400DCA26A /* Products */;
			projectDirPath = "";
			projectRoot = "";
			targets = (
				CECE5A061F91C38400DCA26A /* Hello Swift4 */,
			);
		};
/* End PBXProject section */

/* Begin PBXResourcesBuildPhase section */
		CECE5A051F91C38400DCA26A /* Resources */ = {
			isa = PBXResourcesBuildPhase;
			buildActionMask = 2147483647;
			files = (
				CECE5A151F91C38400DCA26A /* LaunchScreen.storyboard in Resources */,
				CECE5A121F91C38400DCA26A /* Assets.xcassets in Resources */,
				CECE5A101F91C38400DCA26A /* Main.storyboard in Resources */,
			);
			runOnlyForDeploymentPostprocessing = 0;
		};
/* End PBXResourcesBuildPhase section */

/* Begin PBXSourcesBuildPhase section */
		CECE5A031F91C38400DCA26A /* Sources */ = {
			isa = PBXSourcesBuildPhase;
			buildActionMask = 2147483647;
			files = (
				CECE5A0D1F91C38400DCA26A /* ViewController.swift in Sources */,
				CECE5A0B1F91C38400DCA26A /* AppDelegate.swift in Sources */,
			);
			runOnlyForDeploymentPostprocessing = 0;
		};
/* End PBXSourcesBuildPhase section */

/* Begin PBXVariantGroup section */
		CECE5A0E1F91C38400DCA26A /* Main.storyboard */ = {
			isa = PBXVariantGroup;
			children = (
				CECE5A0F1F91C38400DCA26A /* Base */,
			);
			name = Main.storyboard;
			sourceTree = "<group>";
		};
		CECE5A131F91C38400DCA26A /* LaunchScreen.storyboard */ = {
			isa = PBXVariantGroup;
			children = (
				CECE5A141F91C38400DCA26A /* Base */,
			);
			name = LaunchScreen.storyboard;
			sourceTree = "<group>";
		};
/* End PBXVariantGroup section */

/* Begin XCBuildConfiguration section */
		CECE5A171F91C38400DCA26A /* Debug */ = {
			isa = XCBuildConfiguration;
			buildSettings = {
				ALWAYS_SEARCH_USER_PATHS = NO;
				CLANG_ANALYZER_NONNULL = YES;
				CLANG_ANALYZER_NUMBER_OBJECT_CONVERSION = YES_AGGRESSIVE;
				CLANG_CXX_LANGUAGE_STANDARD = "gnu++0x";
				CLANG_CXX_LIBRARY = "libc++";
				CLANG_ENABLE_MODULES = YES;
				CLANG_ENABLE_OBJC_ARC = YES;
				CLANG_WARN_BOOL_CONVERSION = YES;
				CLANG_WARN_CONSTANT_CONVERSION = YES;
				CLANG_WARN_DIRECT_OBJC_ISA_USAGE = YES_ERROR;
				CLANG_WARN_DOCUMENTATION_COMMENTS = YES;
				CLANG_WARN_EMPTY_BODY = YES;
				CLANG_WARN_ENUM_CONVERSION = YES;
				CLANG_WARN_INFINITE_RECURSION = YES;
				CLANG_WARN_INT_CONVERSION = YES;
				CLANG_WARN_OBJC_ROOT_CLASS = YES_ERROR;
				CLANG_WARN_SUSPICIOUS_MOVE = YES;
				CLANG_WARN_UNREACHABLE_CODE = YES;
				CLANG_WARN__DUPLICATE_METHOD_MATCH = YES;
				"CODE_SIGN_IDENTITY[sdk=iphoneos*]" = "iPhone Developer";
				COPY_PHASE_STRIP = NO;
				DEBUG_INFORMATION_FORMAT = dwarf;
				ENABLE_STRICT_OBJC_MSGSEND = YES;
				ENABLE_TESTABILITY = YES;
				GCC_C_LANGUAGE_STANDARD = gnu99;
				GCC_DYNAMIC_NO_PIC = NO;
				GCC_NO_COMMON_BLOCKS = YES;
				GCC_OPTIMIZATION_LEVEL = 0;
				GCC_PREPROCESSOR_DEFINITIONS = (
					"DEBUG=1",
					"$(inherited)",
				);
				GCC_WARN_64_TO_32_BIT_CONVERSION = YES;
				GCC_WARN_ABOUT_RETURN_TYPE = YES_ERROR;
				GCC_WARN_UNDECLARED_SELECTOR = YES;
				GCC_WARN_UNINITIALIZED_AUTOS = YES_AGGRESSIVE;
				GCC_WARN_UNUSED_FUNCTION = YES;
				GCC_WARN_UNUSED_VARIABLE = YES;
				IPHONEOS_DEPLOYMENT_TARGET = 10.3;
				MTL_ENABLE_DEBUG_INFO = YES;
				ONLY_ACTIVE_ARCH = YES;
				SDKROOT = iphoneos;
				SWIFT_ACTIVE_COMPILATION_CONDITIONS = DEBUG;
				SWIFT_OPTIMIZATION_LEVEL = "-Onone";
				TARGETED_DEVICE_FAMILY = "1,2";
			};
			name = Debug;
		};
		CECE5A181F91C38400DCA26A /* Release */ = {
			isa = XCBuildConfiguration;
			buildSettings = {
				ALWAYS_SEARCH_USER_PATHS = NO;
				CLANG_ANALYZER_NONNULL = YES;
				CLANG_ANALYZER_NUMBER_OBJECT_CONVERSION = YES_AGGRESSIVE;
				CLANG_CXX_LANGUAGE_STANDARD = "gnu++0x";
				CLANG_CXX_LIBRARY = "libc++";
				CLANG_ENABLE_MODULES = YES;
				CLANG_ENABLE_OBJC_ARC = YES;
				CLANG_WARN_BOOL_CONVERSION = YES;
				CLANG_WARN_CONSTANT_CONVERSION = YES;
				CLANG_WARN_DIRECT_OBJC_ISA_USAGE = YES_ERROR;
				CLANG_WARN_DOCUMENTATION_COMMENTS = YES;
				CLANG_WARN_EMPTY_BODY = YES;
				CLANG_WARN_ENUM_CONVERSION = YES;
				CLANG_WARN_INFINITE_RECURSION = YES;
				CLANG_WARN_INT_CONVERSION = YES;
				CLANG_WARN_OBJC_ROOT_CLASS = YES_ERROR;
				CLANG_WARN_SUSPICIOUS_MOVE = YES;
				CLANG_WARN_UNREACHABLE_CODE = YES;
				CLANG_WARN__DUPLICATE_METHOD_MATCH = YES;
				"CODE_SIGN_IDENTITY[sdk=iphoneos*]" = "iPhone Developer";
				COPY_PHASE_STRIP = NO;
				DEBUG_INFORMATION_FORMAT = "dwarf-with-dsym";
				ENABLE_NS_ASSERTIONS = NO;
				ENABLE_STRICT_OBJC_MSGSEND = YES;
				GCC_C_LANGUAGE_STANDARD = gnu99;
				GCC_NO_COMMON_BLOCKS = YES;
				GCC_WARN_64_TO_32_BIT_CONVERSION = YES;
				GCC_WARN_ABOUT_RETURN_TYPE = YES_ERROR;
				GCC_WARN_UNDECLARED_SELECTOR = YES;
				GCC_WARN_UNINITIALIZED_AUTOS = YES_AGGRESSIVE;
				GCC_WARN_UNUSED_FUNCTION = YES;
				GCC_WARN_UNUSED_VARIABLE = YES;
				IPHONEOS_DEPLOYMENT_TARGET = 10.3;
				MTL_ENABLE_DEBUG_INFO = NO;
				SDKROOT = iphoneos;
				SWIFT_OPTIMIZATION_LEVEL = "-Owholemodule";
				TARGETED_DEVICE_FAMILY = "1,2";
				VALIDATE_PRODUCT = YES;
			};
			name = Release;
		};
		CECE5A1A1F91C38400DCA26A /* Debug */ = {
			isa = XCBuildConfiguration;
			buildSettings = {
				ASSETCATALOG_COMPILER_APPICON_NAME = AppIcon;
				DEVELOPMENT_TEAM = 8653TZM57A;
				INFOPLIST_FILE = "Hello Swift4/Info.plist";
				LD_RUNPATH_SEARCH_PATHS = "$(inherited) @executable_path/Frameworks";
				PRODUCT_BUNDLE_IDENTIFIER = "app-Polly.Hello-Swift4";
				PRODUCT_NAME = "$(TARGET_NAME)";
				SWIFT_VERSION = 3.0;
			};
			name = Debug;
		};
		CECE5A1B1F91C38400DCA26A /* Release */ = {
			isa = XCBuildConfiguration;
			buildSettings = {
				ASSETCATALOG_COMPILER_APPICON_NAME = AppIcon;
				DEVELOPMENT_TEAM = 8653TZM57A;
				INFOPLIST_FILE = "Hello Swift4/Info.plist";
				LD_RUNPATH_SEARCH_PATHS = "$(inherited) @executable_path/Frameworks";
				PRODUCT_BUNDLE_IDENTIFIER = "app-Polly.Hello-Swift4";
				PRODUCT_NAME = "$(TARGET_NAME)";
				SWIFT_VERSION = 3.0;
			};
			name = Release;
		};
/* End XCBuildConfiguration section */

/* Begin XCConfigurationList section */
		CECE5A021F91C38400DCA26A /* Build configuration list for PBXProject "Hello Swift4" */ = {
			isa = XCConfigurationList;
			buildConfigurations = (
				CECE5A171F91C38400DCA26A /* Debug */,
				CECE5A181F91C38400DCA26A /* Release */,
			);
			defaultConfigurationIsVisible = 0;
			defaultConfigurationName = Release;
		};
		CECE5A191F91C38400DCA26A /* Build configuration list for PBXNativeTarget "Hello Swift4" */ = {
			isa = XCConfigurationList;
			buildConfigurations = (
				CECE5A1A1F91C38400DCA26A /* Debug */,
				CECE5A1B1F91C38400DCA26A /* Release */,
			);
			defaultConfigurationIsVisible = 0;
		};
/* End XCConfigurationList section */
	};
	rootObject = CECE59FF1F91C38400DCA26A /* Project object */;
}
